
Microsoft Visual Studio Solution File, Format Version 12.00
# Visual Studio Version 16
VisualStudioVersion = 16.0.31515.178
MinimumVisualStudioVersion = 10.0.40219.1
Project("{FAE04EC0-301F-11D3-BF4B-00C04F79EFBC}") = "PasswordChanger1C", "PasswordChanger1C\PasswordChanger1C.csproj", "{21080A1C-C206-0B07-10FC-656DDC11193A}"
EndProject
Project("{1affe25e-197b-46ca-95b2-a6a422493bb9}") = "PasswordChanger1C.UI", "PasswordChanger1C.UI\PasswordChanger1C.UI.csproj", "{c8bf2b24-f467-47b1-9384-a126ddce76bd}"
EndProject
Project("{9A19103F-16F7-4668-BE54-9A1E7A4F7556}") = "PasswordChanger1C_Tests", "Tests\PasswordChanger1C_Tests\PasswordChanger1C_Tests.csproj", "{2022D00A-3E86-467C-9D2B-1323E56E64A8}"
EndProject
Project("{2150E333-8FDC-42A3-9474-1A3956D46DE8}") = "Solution Items", "Solution Items", "{E710A4E4-7F6D-4B61-B8A4-9F51D648DE6A}"
	ProjectSection(SolutionItems) = preProject
		.editorconfig = .editorconfig
	EndProjectSection
EndProject
Global
	GlobalSection(SolutionConfigurationPlatforms) = preSolution
		Debug|Any CPU = Debug|Any CPU
		Debug|x64 = Debug|x64
		Debug|x86 = Debug|x86
		Release|Any CPU = Release|Any CPU
		Release|x64 = Release|x64
		Release|x86 = Release|x86
	EndGlobalSection
	GlobalSection(ProjectConfigurationPlatforms) = postSolution
		{21080A1C-C206-0B07-10FC-656DDC11193A}.Debug|Any CPU.ActiveCfg = Debug|Any CPU
		{21080A1C-C206-0B07-10FC-656DDC11193A}.Debug|Any CPU.Build.0 = Debug|Any CPU
		{21080A1C-C206-0B07-10FC-656DDC11193A}.Debug|x64.ActiveCfg = Debug|x64
		{21080A1C-C206-0B07-10FC-656DDC11193A}.Debug|x64.Build.0 = Debug|x64
		{21080A1C-C206-0B07-10FC-656DDC11193A}.Debug|x86.ActiveCfg = Debug|x86
		{21080A1C-C206-0B07-10FC-656DDC11193A}.Debug|x86.Build.0 = Debug|x86
		{21080A1C-C206-0B07-10FC-656DDC11193A}.Release|Any CPU.ActiveCfg = Release|Any CPU
		{21080A1C-C206-0B07-10FC-656DDC11193A}.Release|Any CPU.Build.0 = Release|Any CPU
		{21080A1C-C206-0B07-10FC-656DDC11193A}.Release|x64.ActiveCfg = Release|x64
		{21080A1C-C206-0B07-10FC-656DDC11193A}.Release|x64.Build.0 = Release|x64
		{21080A1C-C206-0B07-10FC-656DDC11193A}.Release|x86.ActiveCfg = Release|x86
		{21080A1C-C206-0B07-10FC-656DDC11193A}.Release|x86.Build.0 = Release|x86
		{c8bf2b24-f467-47b1-9384-a126ddce76bd}.Debug|Any CPU.ActiveCfg = Debug|Any CPU
		{c8bf2b24-f467-47b1-9384-a126ddce76bd}.Debug|Any CPU.Build.0 = Debug|Any CPU
		{c8bf2b24-f467-47b1-9384-a126ddce76bd}.Debug|x64.ActiveCfg = Debug|x64
		{c8bf2b24-f467-47b1-9384-a126ddce76bd}.Debug|x64.Build.0 = Debug|x64
		{c8bf2b24-f467-47b1-9384-a126ddce76bd}.Debug|x86.ActiveCfg = Debug|x86
		{c8bf2b24-f467-47b1-9384-a126ddce76bd}.Debug|x86.Build.0 = Debug|x86
		{c8bf2b24-f467-47b1-9384-a126ddce76bd}.Release|Any CPU.ActiveCfg = Release|Any CPU
		{c8bf2b24-f467-47b1-9384-a126ddce76bd}.Release|Any CPU.Build.0 = Release|Any CPU
		{c8bf2b24-f467-47b1-9384-a126ddce76bd}.Release|x64.ActiveCfg = Release|x64
		{c8bf2b24-f467-47b1-9384-a126ddce76bd}.Release|x64.Build.0 = Release|x64
		{c8bf2b24-f467-47b1-9384-a126ddce76bd}.Release|x86.ActiveCfg = Release|x86
		{c8bf2b24-f467-47b1-9384-a126ddce76bd}.Release|x86.Build.0 = Release|x86
		{2022D00A-3E86-467C-9D2B-1323E56E64A8}.Debug|Any CPU.ActiveCfg = Debug|Any CPU
		{2022D00A-3E86-467C-9D2B-1323E56E64A8}.Debug|Any CPU.Build.0 = Debug|Any CPU
		{2022D00A-3E86-467C-9D2B-1323E56E64A8}.Debug|x64.ActiveCfg = Debug|x64
		{2022D00A-3E86-467C-9D2B-1323E56E64A8}.Debug|x64.Build.0 = Debug|x64
		{2022D00A-3E86-467C-9D2B-1323E56E64A8}.Debug|x86.ActiveCfg = Debug|x86
		{2022D00A-3E86-467C-9D2B-1323E56E64A8}.Debug|x86.Build.0 = Debug|x86
		{2022D00A-3E86-467C-9D2B-1323E56E64A8}.Release|Any CPU.ActiveCfg = Release|Any CPU
		{2022D00A-3E86-467C-9D2B-1323E56E64A8}.Release|Any CPU.Build.0 = Release|Any CPU
		{2022D00A-3E86-467C-9D2B-1323E56E64A8}.Release|x64.ActiveCfg = Release|x64
		{2022D00A-3E86-467C-9D2B-1323E56E64A8}.Release|x64.Build.0 = Release|x64
		{2022D00A-3E86-467C-9D2B-1323E56E64A8}.Release|x86.ActiveCfg = Release|x86
		{2022D00A-3E86-467C-9D2B-1323E56E64A8}.Release|x86.Build.0 = Release|x86
	EndGlobalSection
	GlobalSection(SolutionProperties) = preSolution
		HideSolutionNode = FALSE
	EndGlobalSection
	GlobalSection(ExtensibilityGlobals) = postSolution
		SolutionGuid = {39C3081C-0628-46F6-8350-930156DC9210}
	EndGlobalSection
EndGlobal
