
Microsoft Visual Studio Solution File, Format Version 12.00
# Visual Studio Version 16
VisualStudioVersion = 16.0.31515.178
MinimumVisualStudioVersion = 10.0.40219.1
Project("{FAE04EC0-301F-11D3-BF4B-00C04F79EFBC}") = "PasswordChanger1C", "PasswordChanger1C\PasswordChanger1C.csproj", "{21080A1C-C206-0B07-10FC-656DDC11193A}"
EndProject
Project("{FAE04EC0-301F-11D3-BF4B-00C04F79EFBC}") = "PasswordChanger1C_Tests", "Tests\PasswordChanger1C_Tests\PasswordChanger1C_Tests.csproj", "{2022D00A-3E86-467C-9D2B-1323E56E64A8}"
EndProject
Global
	GlobalSection(SolutionConfigurationPlatforms) = preSolution
		Debug|Any CPU = Debug|Any CPU
		Release|Any CPU = Release|Any CPU
	EndGlobalSection
	GlobalSection(ProjectConfigurationPlatforms) = postSolution
		{21080A1C-C206-0B07-10FC-656DDC11193A}.Debug|Any CPU.ActiveCfg = Debug|Any CPU
		{21080A1C-C206-0B07-10FC-656DDC11193A}.Debug|Any CPU.Build.0 = Debug|Any CPU
		{21080A1C-C206-0B07-10FC-656DDC11193A}.Release|Any CPU.ActiveCfg = Release|Any CPU
		{21080A1C-C206-0B07-10FC-656DDC11193A}.Release|Any CPU.Build.0 = Release|Any CPU
		{2022D00A-3E86-467C-9D2B-1323E56E64A8}.Debug|Any CPU.ActiveCfg = Debug|Any CPU
		{2022D00A-3E86-467C-9D2B-1323E56E64A8}.Debug|Any CPU.Build.0 = Debug|Any CPU
		{2022D00A-3E86-467C-9D2B-1323E56E64A8}.Release|Any CPU.ActiveCfg = Release|Any CPU
		{2022D00A-3E86-467C-9D2B-1323E56E64A8}.Release|Any CPU.Build.0 = Release|Any CPU
	EndGlobalSection
	GlobalSection(SolutionProperties) = preSolution
		HideSolutionNode = FALSE
	EndGlobalSection
	GlobalSection(ExtensibilityGlobals) = postSolution
		SolutionGuid = {39C3081C-0628-46F6-8350-930156DC9210}
	EndGlobalSection
EndGlobal
